
Microsoft Visual Studio Solution File, Format Version 12.00
# Visual Studio Version 16
VisualStudioVersion = 16.0.30517.126
MinimumVisualStudioVersion = 10.0.40219.1
Project("{FAE04EC0-301F-11D3-BF4B-00C04F79EFBC}") = "myTestASPNETCoreSite", "myTestASPNETCoreSite.csproj", "{849759F9-6ED3-4F4C-89BB-208CB01FD9EC}"
EndProject
Global
	GlobalSection(SolutionConfigurationPlatforms) = preSolution
		Debug|Any CPU = Debug|Any CPU
		Release|Any CPU = Release|Any CPU
	EndGlobalSection
	GlobalSection(ProjectConfigurationPlatforms) = postSolution
		{849759F9-6ED3-4F4C-89BB-208CB01FD9EC}.Debug|Any CPU.ActiveCfg = Debug|Any CPU
		{849759F9-6ED3-4F4C-89BB-208CB01FD9EC}.Debug|Any CPU.Build.0 = Debug|Any CPU
		{849759F9-6ED3-4F4C-89BB-208CB01FD9EC}.Release|Any CPU.ActiveCfg = Release|Any CPU
		{849759F9-6ED3-4F4C-89BB-208CB01FD9EC}.Release|Any CPU.Build.0 = Release|Any CPU
	EndGlobalSection
	GlobalSection(SolutionProperties) = preSolution
		HideSolutionNode = FALSE
	EndGlobalSection
	GlobalSection(ExtensibilityGlobals) = postSolution
		SolutionGuid = {B998371B-1739-4AD7-9664-7C94923883BA}
	EndGlobalSection
EndGlobal
